
Microsoft Visual Studio Solution File, Format Version 12.00
# Visual Studio Version 16
VisualStudioVersion = 16.0.29613.14
MinimumVisualStudioVersion = 10.0.40219.1
Project("{9A19103F-16F7-4668-BE54-9A1E7A4F7556}") = "PracticeExpression", "PracticeExpression\PracticeExpression.csproj", "{D8D722A2-CCAA-4B0D-B839-E502C1976820}"
EndProject
Project("{FAE04EC0-301F-11D3-BF4B-00C04F79EFBC}") = "PracticeExpression.Test", "PracticeExpression.Test\PracticeExpression.Test.csproj", "{B6BD57C3-5D78-471C-962F-E0138AB9E617}"
EndProject
Global
	GlobalSection(SolutionConfigurationPlatforms) = preSolution
		Debug|Any CPU = Debug|Any CPU
		Release|Any CPU = Release|Any CPU
	EndGlobalSection
	GlobalSection(ProjectConfigurationPlatforms) = postSolution
		{D8D722A2-CCAA-4B0D-B839-E502C1976820}.Debug|Any CPU.ActiveCfg = Debug|Any CPU
		{D8D722A2-CCAA-4B0D-B839-E502C1976820}.Debug|Any CPU.Build.0 = Debug|Any CPU
		{D8D722A2-CCAA-4B0D-B839-E502C1976820}.Release|Any CPU.ActiveCfg = Release|Any CPU
		{D8D722A2-CCAA-4B0D-B839-E502C1976820}.Release|Any CPU.Build.0 = Release|Any CPU
		{B6BD57C3-5D78-471C-962F-E0138AB9E617}.Debug|Any CPU.ActiveCfg = Debug|Any CPU
		{B6BD57C3-5D78-471C-962F-E0138AB9E617}.Debug|Any CPU.Build.0 = Debug|Any CPU
		{B6BD57C3-5D78-471C-962F-E0138AB9E617}.Release|Any CPU.ActiveCfg = Release|Any CPU
		{B6BD57C3-5D78-471C-962F-E0138AB9E617}.Release|Any CPU.Build.0 = Release|Any CPU
	EndGlobalSection
	GlobalSection(SolutionProperties) = preSolution
		HideSolutionNode = FALSE
	EndGlobalSection
	GlobalSection(ExtensibilityGlobals) = postSolution
		SolutionGuid = {604EA9E5-576C-4608-ADAE-71AA35F5F000}
	EndGlobalSection
EndGlobal
